dependencies:
  idf:
    component_hash: null
    source:
      type: idf
    version: 5.3.0
  protocol_examples_common:
    component_hash: null
    source:
      path: C:\Espressif\frameworks\esp-idf-v5.3\examples\common_components\protocol_examples_common
      type: local
    version: '*'
manifest_hash: 33a11983c1eaa0251f9d28aed3b4a46bcb3768530784301fa7e8ea968792489f
target: esp32
version: 1.0.0
